
Microsoft Visual Studio Solution File, Format Version 12.00
# Visual Studio Version 16
VisualStudioVersion = 16.0.29806.167
MinimumVisualStudioVersion = 10.0.40219.1
Project("{888888A0-9F3D-457C-B088-3A5042F75D52}") = "ppij", "ppij\ppij.pyproj", "{20D1199B-CBEA-4F6C-AB0B-4C2EF72C9527}"
EndProject
Global
	GlobalSection(SolutionConfigurationPlatforms) = preSolution
		Debug|Any CPU = Debug|Any CPU
		Release|Any CPU = Release|Any CPU
	EndGlobalSection
	GlobalSection(ProjectConfigurationPlatforms) = postSolution
		{20D1199B-CBEA-4F6C-AB0B-4C2EF72C9527}.Debug|Any CPU.ActiveCfg = Debug|Any CPU
		{20D1199B-CBEA-4F6C-AB0B-4C2EF72C9527}.Debug|Any CPU.Build.0 = Debug|Any CPU
		{20D1199B-CBEA-4F6C-AB0B-4C2EF72C9527}.Release|Any CPU.ActiveCfg = Release|Any CPU
		{20D1199B-CBEA-4F6C-AB0B-4C2EF72C9527}.Release|Any CPU.Build.0 = Release|Any CPU
	EndGlobalSection
	GlobalSection(SolutionProperties) = preSolution
		HideSolutionNode = FALSE
	EndGlobalSection
	GlobalSection(ExtensibilityGlobals) = postSolution
		SolutionGuid = {6FB14E5C-3B1A-4141-A77B-D48CE0FBB750}
	EndGlobalSection
EndGlobal
